
Microsoft Visual Studio Solution File, Format Version 12.00
# Visual Studio 14
VisualStudioVersion = 14.0.25123.0
MinimumVisualStudioVersion = 10.0.40219.1
Project("{151D2E53-A2C4-4D7D-83FE-D05416EBD58E}") = "w12sql", "w12sql\w12sql.deployproj", "{3350F726-A97E-4419-8E58-B31DFF23F65F}"
EndProject
Global
	GlobalSection(SolutionConfigurationPlatforms) = preSolution
		Debug|Any CPU = Debug|Any CPU
		Release|Any CPU = Release|Any CPU
	EndGlobalSection
	GlobalSection(ProjectConfigurationPlatforms) = postSolution
		{3350F726-A97E-4419-8E58-B31DFF23F65F}.Debug|Any CPU.ActiveCfg = Debug|Any CPU
		{3350F726-A97E-4419-8E58-B31DFF23F65F}.Debug|Any CPU.Build.0 = Debug|Any CPU
		{3350F726-A97E-4419-8E58-B31DFF23F65F}.Release|Any CPU.ActiveCfg = Release|Any CPU
		{3350F726-A97E-4419-8E58-B31DFF23F65F}.Release|Any CPU.Build.0 = Release|Any CPU
	EndGlobalSection
	GlobalSection(SolutionProperties) = preSolution
		HideSolutionNode = FALSE
	EndGlobalSection
EndGlobal
